// !$*UTF8*$!
{
	archiveVersion = 1;
	classes = {
	};
	objectVersion = 46;
	objects = {

/* Begin PBXBuildFile section */
		380E1FB21CF8B3CA0077DE8A /* HDDataGridController.m in Sources */ = {isa = PBXBuildFile; fileRef = 380E1FB11CF8B3CA0077DE8A /* HDDataGridController.m */; };
		380E1FB51CF8C1E90077DE8A /* HDDataGridHeader.m in Sources */ = {isa = PBXBuildFile; fileRef = 380E1FB41CF8C1E90077DE8A /* HDDataGridHeader.m */; };
		380E1FB81CFA2D010077DE8A /* HDVisualDataGridCell.m in Sources */ = {isa = PBXBuildFile; fileRef = 380E1FB71CFA2D010077DE8A /* HDVisualDataGridCell.m */; };
		380E1FBB1CFA36FA0077DE8A /* HDCashierPopoverViewController.m in Sources */ = {isa = PBXBuildFile; fileRef = 380E1FBA1CFA36FA0077DE8A /* HDCashierPopoverViewController.m */; };
		382220661CD16837003A446A /* HDItemManagerDataGridController.m in Sources */ = {isa = PBXBuildFile; fileRef = 382220651CD16837003A446A /* HDItemManagerDataGridController.m */; };
		382220691CD26EFA003A446A /* HDTransactionDataGridController.m in Sources */ = {isa = PBXBuildFile; fileRef = 382220681CD26EFA003A446A /* HDTransactionDataGridController.m */; };
		3822206E1CD3D147003A446A /* items.plist in Resources */ = {isa = PBXBuildFile; fileRef = 3822206D1CD3D147003A446A /* items.plist */; };
		382845681CD95543002420E4 /* HDHelper.m in Sources */ = {isa = PBXBuildFile; fileRef = 382845671CD95543002420E4 /* HDHelper.m */; };
		3828456B1CD955B0002420E4 /* HDUserObject.m in Sources */ = {isa = PBXBuildFile; fileRef = 3828456A1CD955B0002420E4 /* HDUserObject.m */; };
		3828456E1CD97F3A002420E4 /* HDTransactionObject.m in Sources */ = {isa = PBXBuildFile; fileRef = 3828456D1CD97F3A002420E4 /* HDTransactionObject.m */; };
		384547901CFE350A0049E61A /* HDSignupViewController.m in Sources */ = {isa = PBXBuildFile; fileRef = 3845478F1CFE350A0049E61A /* HDSignupViewController.m */; };
		38721A211CCABDA7007B9FE3 /* main.m in Sources */ = {isa = PBXBuildFile; fileRef = 38721A201CCABDA7007B9FE3 /* main.m */; };
		38721A241CCABDA7007B9FE3 /* HDAppDelegate.m in Sources */ = {isa = PBXBuildFile; fileRef = 38721A231CCABDA7007B9FE3 /* HDAppDelegate.m */; };
		38721A271CCABDA7007B9FE3 /* HDHomeViewController.m in Sources */ = {isa = PBXBuildFile; fileRef = 38721A261CCABDA7007B9FE3 /* HDHomeViewController.m */; };
		38721A2C1CCABDA7007B9FE3 /* Assets.xcassets in Resources */ = {isa = PBXBuildFile; fileRef = 38721A2B1CCABDA7007B9FE3 /* Assets.xcassets */; };
		38721A2F1CCABDA7007B9FE3 /* LaunchScreen.storyboard in Resources */ = {isa = PBXBuildFile; fileRef = 38721A2D1CCABDA7007B9FE3 /* LaunchScreen.storyboard */; };
		38721A3A1CCABDA7007B9FE3 /* StormGolfTests.m in Sources */ = {isa = PBXBuildFile; fileRef = 38721A391CCABDA7007B9FE3 /* StormGolfTests.m */; };
		38721A4A1CCACD43007B9FE3 /* UIColor+ColorAdditions.m in Sources */ = {isa = PBXBuildFile; fileRef = 38721A491CCACD43007B9FE3 /* UIColor+ColorAdditions.m */; };
		3883876C1CF4E8DD007EA9BA /* HDTransactionManager.m in Sources */ = {isa = PBXBuildFile; fileRef = 3883876B1CF4E8DD007EA9BA /* HDTransactionManager.m */; };
		389950481CFFCFA5009F0850 /* Apache License.txt in Resources */ = {isa = PBXBuildFile; fileRef = 3899503D1CFFCFA5009F0850 /* Apache License.txt */; };
		389950491CFFCFA5009F0850 /* OpenSans-Bold.ttf in Resources */ = {isa = PBXBuildFile; fileRef = 3899503E1CFFCFA5009F0850 /* OpenSans-Bold.ttf */; };
		3899504A1CFFCFA5009F0850 /* OpenSans-BoldItalic.ttf in Resources */ = {isa = PBXBuildFile; fileRef = 3899503F1CFFCFA5009F0850 /* OpenSans-BoldItalic.ttf */; };
		3899504B1CFFCFA5009F0850 /* OpenSans-ExtraBold.ttf in Resources */ = {isa = PBXBuildFile; fileRef = 389950401CFFCFA5009F0850 /* OpenSans-ExtraBold.ttf */; };
		3899504C1CFFCFA5009F0850 /* OpenSans-ExtraBoldItalic.ttf in Resources */ = {isa = PBXBuildFile; fileRef = 389950411CFFCFA5009F0850 /* OpenSans-ExtraBoldItalic.ttf */; };
		3899504D1CFFCFA5009F0850 /* OpenSans-Italic.ttf in Resources */ = {isa = PBXBuildFile; fileRef = 389950421CFFCFA5009F0850 /* OpenSans-Italic.ttf */; };
		3899504E1CFFCFA5009F0850 /* OpenSans-Light.ttf in Resources */ = {isa = PBXBuildFile; fileRef = 389950431CFFCFA5009F0850 /* OpenSans-Light.ttf */; };
		3899504F1CFFCFA5009F0850 /* OpenSans-LightItalic.ttf in Resources */ = {isa = PBXBuildFile; fileRef = 389950441CFFCFA5009F0850 /* OpenSans-LightItalic.ttf */; };
		389950501CFFCFA5009F0850 /* OpenSans-Regular.ttf in Resources */ = {isa = PBXBuildFile; fileRef = 389950451CFFCFA5009F0850 /* OpenSans-Regular.ttf */; };
		389950511CFFCFA5009F0850 /* OpenSans-Semibold.ttf in Resources */ = {isa = PBXBuildFile; fileRef = 389950461CFFCFA5009F0850 /* OpenSans-Semibold.ttf */; };
		389950521CFFCFA5009F0850 /* OpenSans-SemiboldItalic.ttf in Resources */ = {isa = PBXBuildFile; fileRef = 389950471CFFCFA5009F0850 /* OpenSans-SemiboldItalic.ttf */; };
		38BDC2F41CCD4C9F00E8B77D /* HDItemManager.m in Sources */ = {isa = PBXBuildFile; fileRef = 38BDC2F31CCD4C9F00E8B77D /* HDItemManager.m */; };
		38D4B05B1CE3DDAF00BF7311 /* FullNames.txt in Resources */ = {isa = PBXBuildFile; fileRef = 38D4B05A1CE3DDAF00BF7311 /* FullNames.txt */; };
		38D4B0631CE403C700BF7311 /* stormdb.sql in Resources */ = {isa = PBXBuildFile; fileRef = 38D4B0621CE403C700BF7311 /* stormdb.sql */; };
		38ED4A001CEBB4E400720A6F /* UIImage+ImageAdditions.m in Sources */ = {isa = PBXBuildFile; fileRef = 38ED49FF1CEBB4E400720A6F /* UIImage+ImageAdditions.m */; };
		38ED4A031CEBBE1600720A6F /* HDUserSearchTableViewCell.m in Sources */ = {isa = PBXBuildFile; fileRef = 38ED4A021CEBBE1600720A6F /* HDUserSearchTableViewCell.m */; };
		38ED4A061CEBF32600720A6F /* HDItemManagerPopoverViewController.m in Sources */ = {isa = PBXBuildFile; fileRef = 38ED4A051CEBF32600720A6F /* HDItemManagerPopoverViewController.m */; };
		38ED4A091CEF911F00720A6F /* NSString+StringAdditions.m in Sources */ = {isa = PBXBuildFile; fileRef = 38ED4A081CEF911F00720A6F /* NSString+StringAdditions.m */; };
		38ED4A0C1CEF9BD300720A6F /* HDTransactionPopoverViewController.m in Sources */ = {isa = PBXBuildFile; fileRef = 38ED4A0B1CEF9BD300720A6F /* HDTransactionPopoverViewController.m */; };
		38F2F45E1CF60AAB0042BCFB /* HDToolBar.m in Sources */ = {isa = PBXBuildFile; fileRef = 38F2F45D1CF60AAB0042BCFB /* HDToolBar.m */; };
		38F2F4611CF626A20042BCFB /* UIFont+FontAdditions.m in Sources */ = {isa = PBXBuildFile; fileRef = 38F2F4601CF626A20042BCFB /* UIFont+FontAdditions.m */; };
		38F711361CD6721D008C9DC5 /* libsqlite3.tbd in Frameworks */ = {isa = PBXBuildFile; fileRef = 38F711351CD6721D008C9DC5 /* libsqlite3.tbd */; };
		38F711381CD67229008C9DC5 /* QuartzCore.framework in Frameworks */ = {isa = PBXBuildFile; fileRef = 38F711371CD67229008C9DC5 /* QuartzCore.framework */; };
		38F7113C1CD673AB008C9DC5 /* HDDBManager.m in Sources */ = {isa = PBXBuildFile; fileRef = 38F7113B1CD673AB008C9DC5 /* HDDBManager.m */; };
/* End PBXBuildFile section */

/* Begin PBXContainerItemProxy section */
		38721A361CCABDA7007B9FE3 /* PBXContainerItemProxy */ = {
			isa = PBXContainerItemProxy;
			containerPortal = 38721A141CCABDA7007B9FE3 /* Project object */;
			proxyType = 1;
			remoteGlobalIDString = 38721A1B1CCABDA7007B9FE3;
			remoteInfo = StormGolf;
		};
/* End PBXContainerItemProxy section */

/* Begin PBXFileReference section */
		380E1FB01CF8B3CA0077DE8A /* HDDataGridController.h */ = {isa = PBXFileReference; fileEncoding = 4; lastKnownFileType = sourcecode.c.h; path = HDDataGridController.h; sourceTree = "<group>"; };
		380E1FB11CF8B3CA0077DE8A /* HDDataGridController.m */ = {isa = PBXFileReference; fileEncoding = 4; lastKnownFileType = sourcecode.c.objc; path = HDDataGridController.m; sourceTree = "<group>"; };
		380E1FB31CF8C1E90077DE8A /* HDDataGridHeader.h */ = {isa = PBXFileReference; fileEncoding = 4; lastKnownFileType = sourcecode.c.h; path = HDDataGridHeader.h; sourceTree = "<group>"; };
		380E1FB41CF8C1E90077DE8A /* HDDataGridHeader.m */ = {isa = PBXFileReference; fileEncoding = 4; lastKnownFileType = sourcecode.c.objc; path = HDDataGridHeader.m; sourceTree = "<group>"; };
		380E1FB61CFA2D010077DE8A /* HDVisualDataGridCell.h */ = {isa = PBXFileReference; fileEncoding = 4; lastKnownFileType = sourcecode.c.h; path = HDVisualDataGridCell.h; sourceTree = "<group>"; };
		380E1FB71CFA2D010077DE8A /* HDVisualDataGridCell.m */ = {isa = PBXFileReference; fileEncoding = 4; lastKnownFileType = sourcecode.c.objc; path = HDVisualDataGridCell.m; sourceTree = "<group>"; };
		380E1FB91CFA36FA0077DE8A /* HDCashierPopoverViewController.h */ = {isa = PBXFileReference; fileEncoding = 4; lastKnownFileType = sourcecode.c.h; path = HDCashierPopoverViewController.h; sourceTree = "<group>"; };
		380E1FBA1CFA36FA0077DE8A /* HDCashierPopoverViewController.m */ = {isa = PBXFileReference; fileEncoding = 4; lastKnownFileType = sourcecode.c.objc; path = HDCashierPopoverViewController.m; sourceTree = "<group>"; };
		382220641CD16837003A446A /* HDItemManagerDataGridController.h */ = {isa = PBXFileReference; fileEncoding = 4; lastKnownFileType = sourcecode.c.h; path = HDItemManagerDataGridController.h; sourceTree = "<group>"; };
		382220651CD16837003A446A /* HDItemManagerDataGridController.m */ = {isa = PBXFileReference; fileEncoding = 4; lastKnownFileType = sourcecode.c.objc; path = HDItemManagerDataGridController.m; sourceTree = "<group>"; };
		382220671CD26EFA003A446A /* HDTransactionDataGridController.h */ = {isa = PBXFileReference; fileEncoding = 4; lastKnownFileType = sourcecode.c.h; path = HDTransactionDataGridController.h; sourceTree = "<group>"; };
		382220681CD26EFA003A446A /* HDTransactionDataGridController.m */ = {isa = PBXFileReference; fileEncoding = 4; lastKnownFileType = sourcecode.c.objc; path = HDTransactionDataGridController.m; sourceTree = "<group>"; };
		3822206D1CD3D147003A446A /* items.plist */ = {isa = PBXFileReference; fileEncoding = 4; lastKnownFileType = text.plist.xml; path = items.plist; sourceTree = "<group>"; };
		382845661CD95543002420E4 /* HDHelper.h */ = {isa = PBXFileReference; fileEncoding = 4; lastKnownFileType = sourcecode.c.h; path = HDHelper.h; sourceTree = "<group>"; };
		382845671CD95543002420E4 /* HDHelper.m */ = {isa = PBXFileReference; fileEncoding = 4; lastKnownFileType = sourcecode.c.objc; path = HDHelper.m; sourceTree = "<group>"; };
		382845691CD955B0002420E4 /* HDUserObject.h */ = {isa = PBXFileReference; fileEncoding = 4; lastKnownFileType = sourcecode.c.h; path = HDUserObject.h; sourceTree = "<group>"; };
		3828456A1CD955B0002420E4 /* HDUserObject.m */ = {isa = PBXFileReference; fileEncoding = 4; lastKnownFileType = sourcecode.c.objc; path = HDUserObject.m; sourceTree = "<group>"; };
		3828456C1CD97F3A002420E4 /* HDTransactionObject.h */ = {isa = PBXFileReference; fileEncoding = 4; lastKnownFileType = sourcecode.c.h; path = HDTransactionObject.h; sourceTree = "<group>"; };
		3828456D1CD97F3A002420E4 /* HDTransactionObject.m */ = {isa = PBXFileReference; fileEncoding = 4; lastKnownFileType = sourcecode.c.objc; path = HDTransactionObject.m; sourceTree = "<group>"; };
		3845478E1CFE350A0049E61A /* HDSignupViewController.h */ = {isa = PBXFileReference; fileEncoding = 4; lastKnownFileType = sourcecode.c.h; path = HDSignupViewController.h; sourceTree = "<group>"; };
		3845478F1CFE350A0049E61A /* HDSignupViewController.m */ = {isa = PBXFileReference; fileEncoding = 4; lastKnownFileType = sourcecode.c.objc; path = HDSignupViewController.m; sourceTree = "<group>"; };
		38721A1C1CCABDA7007B9FE3 /* StormGolf.app */ = {isa = PBXFileReference; explicitFileType = wrapper.application; includeInIndex = 0; path = StormGolf.app; sourceTree = BUILT_PRODUCTS_DIR; };
		38721A201CCABDA7007B9FE3 /* main.m */ = {isa = PBXFileReference; lastKnownFileType = sourcecode.c.objc; path = main.m; sourceTree = "<group>"; };
		38721A221CCABDA7007B9FE3 /* HDAppDelegate.h */ = {isa = PBXFileReference; lastKnownFileType = sourcecode.c.h; path = HDAppDelegate.h; sourceTree = "<group>"; };
		38721A231CCABDA7007B9FE3 /* HDAppDelegate.m */ = {isa = PBXFileReference; lastKnownFileType = sourcecode.c.objc; path = HDAppDelegate.m; sourceTree = "<group>"; };
		38721A251CCABDA7007B9FE3 /* HDHomeViewController.h */ = {isa = PBXFileReference; lastKnownFileType = sourcecode.c.h; path = HDHomeViewController.h; sourceTree = "<group>"; };
		38721A261CCABDA7007B9FE3 /* HDHomeViewController.m */ = {isa = PBXFileReference; lastKnownFileType = sourcecode.c.objc; path = HDHomeViewController.m; sourceTree = "<group>"; };
		38721A2B1CCABDA7007B9FE3 /* Assets.xcassets */ = {isa = PBXFileReference; lastKnownFileType = folder.assetcatalog; path = Assets.xcassets; sourceTree = "<group>"; };
		38721A2E1CCABDA7007B9FE3 /* Base */ = {isa = PBXFileReference; lastKnownFileType = file.storyboard; name = Base; path = Base.lproj/LaunchScreen.storyboard; sourceTree = "<group>"; };
		38721A301CCABDA7007B9FE3 /* Info.plist */ = {isa = PBXFileReference; lastKnownFileType = text.plist.xml; path = Info.plist; sourceTree = "<group>"; };
		38721A351CCABDA7007B9FE3 /* StormGolfTests.xctest */ = {isa = PBXFileReference; explicitFileType = wrapper.cfbundle; includeInIndex = 0; path = StormGolfTests.xctest; sourceTree = BUILT_PRODUCTS_DIR; };
		38721A391CCABDA7007B9FE3 /* StormGolfTests.m */ = {isa = PBXFileReference; lastKnownFileType = sourcecode.c.objc; path = StormGolfTests.m; sourceTree = "<group>"; };
		38721A3B1CCABDA7007B9FE3 /* Info.plist */ = {isa = PBXFileReference; lastKnownFileType = text.plist.xml; path = Info.plist; sourceTree = "<group>"; };
		38721A481CCACD43007B9FE3 /* UIColor+ColorAdditions.h */ = {isa = PBXFileReference; fileEncoding = 4; lastKnownFileType = sourcecode.c.h; path = "UIColor+ColorAdditions.h"; sourceTree = "<group>"; };
		38721A491CCACD43007B9FE3 /* UIColor+ColorAdditions.m */ = {isa = PBXFileReference; fileEncoding = 4; lastKnownFileType = sourcecode.c.objc; path = "UIColor+ColorAdditions.m"; sourceTree = "<group>"; };
		3883876A1CF4E8DD007EA9BA /* HDTransactionManager.h */ = {isa = PBXFileReference; fileEncoding = 4; lastKnownFileType = sourcecode.c.h; path = HDTransactionManager.h; sourceTree = "<group>"; };
		3883876B1CF4E8DD007EA9BA /* HDTransactionManager.m */ = {isa = PBXFileReference; fileEncoding = 4; lastKnownFileType = sourcecode.c.objc; path = HDTransactionManager.m; sourceTree = "<group>"; };
		3899503D1CFFCFA5009F0850 /* Apache License.txt */ = {isa = PBXFileReference; fileEncoding = 4; lastKnownFileType = text; path = "Apache License.txt"; sourceTree = "<group>"; };
		3899503E1CFFCFA5009F0850 /* OpenSans-Bold.ttf */ = {isa = PBXFileReference; lastKnownFileType = file; path = "OpenSans-Bold.ttf"; sourceTree = "<group>"; };
		3899503F1CFFCFA5009F0850 /* OpenSans-BoldItalic.ttf */ = {isa = PBXFileReference; lastKnownFileType = file; path = "OpenSans-BoldItalic.ttf"; sourceTree = "<group>"; };
		389950401CFFCFA5009F0850 /* OpenSans-ExtraBold.ttf */ = {isa = PBXFileReference; lastKnownFileType = file; path = "OpenSans-ExtraBold.ttf"; sourceTree = "<group>"; };
		389950411CFFCFA5009F0850 /* OpenSans-ExtraBoldItalic.ttf */ = {isa = PBXFileReference; lastKnownFileType = file; path = "OpenSans-ExtraBoldItalic.ttf"; sourceTree = "<group>"; };
		389950421CFFCFA5009F0850 /* OpenSans-Italic.ttf */ = {isa = PBXFileReference; lastKnownFileType = file; path = "OpenSans-Italic.ttf"; sourceTree = "<group>"; };
		389950431CFFCFA5009F0850 /* OpenSans-Light.ttf */ = {isa = PBXFileReference; lastKnownFileType = file; path = "OpenSans-Light.ttf"; sourceTree = "<group>"; };
		389950441CFFCFA5009F0850 /* OpenSans-LightItalic.ttf */ = {isa = PBXFileReference; lastKnownFileType = file; path = "OpenSans-LightItalic.ttf"; sourceTree = "<group>"; };
		389950451CFFCFA5009F0850 /* OpenSans-Regular.ttf */ = {isa = PBXFileReference; lastKnownFileType = file; path = "OpenSans-Regular.ttf"; sourceTree = "<group>"; };
		389950461CFFCFA5009F0850 /* OpenSans-Semibold.ttf */ = {isa = PBXFileReference; lastKnownFileType = file; path = "OpenSans-Semibold.ttf"; sourceTree = "<group>"; };
		389950471CFFCFA5009F0850 /* OpenSans-SemiboldItalic.ttf */ = {isa = PBXFileReference; lastKnownFileType = file; path = "OpenSans-SemiboldItalic.ttf"; sourceTree = "<group>"; };
		38BDC2F21CCD4C9F00E8B77D /* HDItemManager.h */ = {isa = PBXFileReference; fileEncoding = 4; lastKnownFileType = sourcecode.c.h; path = HDItemManager.h; sourceTree = "<group>"; };
		38BDC2F31CCD4C9F00E8B77D /* HDItemManager.m */ = {isa = PBXFileReference; fileEncoding = 4; lastKnownFileType = sourcecode.c.objc; path = HDItemManager.m; sourceTree = "<group>"; };
		38D4B05A1CE3DDAF00BF7311 /* FullNames.txt */ = {isa = PBXFileReference; fileEncoding = 4; lastKnownFileType = text; path = FullNames.txt; sourceTree = "<group>"; };
		38D4B0621CE403C700BF7311 /* stormdb.sql */ = {isa = PBXFileReference; lastKnownFileType = file; name = stormdb.sql; path = ../stormdb.sql; sourceTree = "<group>"; };
		38ED49FE1CEBB4E400720A6F /* UIImage+ImageAdditions.h */ = {isa = PBXFileReference; fileEncoding = 4; lastKnownFileType = sourcecode.c.h; path = "UIImage+ImageAdditions.h"; sourceTree = "<group>"; };
		38ED49FF1CEBB4E400720A6F /* UIImage+ImageAdditions.m */ = {isa = PBXFileReference; fileEncoding = 4; lastKnownFileType = sourcecode.c.objc; path = "UIImage+ImageAdditions.m"; sourceTree = "<group>"; };
		38ED4A011CEBBE1600720A6F /* HDUserSearchTableViewCell.h */ = {isa = PBXFileReference; fileEncoding = 4; lastKnownFileType = sourcecode.c.h; path = HDUserSearchTableViewCell.h; sourceTree = "<group>"; };
		38ED4A021CEBBE1600720A6F /* HDUserSearchTableViewCell.m */ = {isa = PBXFileReference; fileEncoding = 4; lastKnownFileType = sourcecode.c.objc; path = HDUserSearchTableViewCell.m; sourceTree = "<group>"; };
		38ED4A041CEBF32600720A6F /* HDItemManagerPopoverViewController.h */ = {isa = PBXFileReference; fileEncoding = 4; lastKnownFileType = sourcecode.c.h; path = HDItemManagerPopoverViewController.h; sourceTree = "<group>"; };
		38ED4A051CEBF32600720A6F /* HDItemManagerPopoverViewController.m */ = {isa = PBXFileReference; fileEncoding = 4; lastKnownFileType = sourcecode.c.objc; path = HDItemManagerPopoverViewController.m; sourceTree = "<group>"; };
		38ED4A071CEF911F00720A6F /* NSString+StringAdditions.h */ = {isa = PBXFileReference; fileEncoding = 4; lastKnownFileType = sourcecode.c.h; path = "NSString+StringAdditions.h"; sourceTree = "<group>"; };
		38ED4A081CEF911F00720A6F /* NSString+StringAdditions.m */ = {isa = PBXFileReference; fileEncoding = 4; lastKnownFileType = sourcecode.c.objc; path = "NSString+StringAdditions.m"; sourceTree = "<group>"; };
		38ED4A0A1CEF9BD300720A6F /* HDTransactionPopoverViewController.h */ = {isa = PBXFileReference; fileEncoding = 4; lastKnownFileType = sourcecode.c.h; path = HDTransactionPopoverViewController.h; sourceTree = "<group>"; };
		38ED4A0B1CEF9BD300720A6F /* HDTransactionPopoverViewController.m */ = {isa = PBXFileReference; fileEncoding = 4; lastKnownFileType = sourcecode.c.objc; path = HDTransactionPopoverViewController.m; sourceTree = "<group>"; };
		38F2F45C1CF60AAB0042BCFB /* HDToolBar.h */ = {isa = PBXFileReference; fileEncoding = 4; lastKnownFileType = sourcecode.c.h; path = HDToolBar.h; sourceTree = "<group>"; };
		38F2F45D1CF60AAB0042BCFB /* HDToolBar.m */ = {isa = PBXFileReference; fileEncoding = 4; lastKnownFileType = sourcecode.c.objc; path = HDToolBar.m; sourceTree = "<group>"; };
		38F2F45F1CF626A20042BCFB /* UIFont+FontAdditions.h */ = {isa = PBXFileReference; fileEncoding = 4; lastKnownFileType = sourcecode.c.h; path = "UIFont+FontAdditions.h"; sourceTree = "<group>"; };
		38F2F4601CF626A20042BCFB /* UIFont+FontAdditions.m */ = {isa = PBXFileReference; fileEncoding = 4; lastKnownFileType = sourcecode.c.objc; path = "UIFont+FontAdditions.m"; sourceTree = "<group>"; };
		38F711351CD6721D008C9DC5 /* libsqlite3.tbd */ = {isa = PBXFileReference; lastKnownFileType = "sourcecode.text-based-dylib-definition"; name = libsqlite3.tbd; path = usr/lib/libsqlite3.tbd; sourceTree = SDKROOT; };
		38F711371CD67229008C9DC5 /* QuartzCore.framework */ = {isa = PBXFileReference; lastKnownFileType = wrapper.framework; name = QuartzCore.framework; path = System/Library/Frameworks/QuartzCore.framework; sourceTree = SDKROOT; };
		38F7113A1CD673AB008C9DC5 /* HDDBManager.h */ = {isa = PBXFileReference; fileEncoding = 4; lastKnownFileType = sourcecode.c.h; path = HDDBManager.h; sourceTree = "<group>"; };
		38F7113B1CD673AB008C9DC5 /* HDDBManager.m */ = {isa = PBXFileReference; fileEncoding = 4; lastKnownFileType = sourcecode.c.objc; path = HDDBManager.m; sourceTree = "<group>"; };
/* End PBXFileReference section */

/* Begin PBXFrameworksBuildPhase section */
		38721A191CCABDA7007B9FE3 /* Frameworks */ = {
			isa = PBXFrameworksBuildPhase;
			buildActionMask = 2147483647;
			files = (
				38F711381CD67229008C9DC5 /* QuartzCore.framework in Frameworks */,
				38F711361CD6721D008C9DC5 /* libsqlite3.tbd in Frameworks */,
			);
			runOnlyForDeploymentPostprocessing = 0;
		};
		38721A321CCABDA7007B9FE3 /* Frameworks */ = {
			isa = PBXFrameworksBuildPhase;
			buildActionMask = 2147483647;
			files = (
			);
			runOnlyForDeploymentPostprocessing = 0;
		};
/* End PBXFrameworksBuildPhase section */

/* Begin PBXGroup section */
		38721A131CCABDA7007B9FE3 = {
			isa = PBXGroup;
			children = (
				38721A1E1CCABDA7007B9FE3 /* StormGolf */,
				38721A381CCABDA7007B9FE3 /* StormGolfTests */,
				38721A1D1CCABDA7007B9FE3 /* Products */,
				38F711341CD67200008C9DC5 /* Frameworks */,
			);
			sourceTree = "<group>";
		};
		38721A1D1CCABDA7007B9FE3 /* Products */ = {
			isa = PBXGroup;
			children = (
				38721A1C1CCABDA7007B9FE3 /* StormGolf.app */,
				38721A351CCABDA7007B9FE3 /* StormGolfTests.xctest */,
			);
			name = Products;
			sourceTree = "<group>";
		};
		38721A1E1CCABDA7007B9FE3 /* StormGolf */ = {
			isa = PBXGroup;
			children = (
				38721A221CCABDA7007B9FE3 /* HDAppDelegate.h */,
				38721A231CCABDA7007B9FE3 /* HDAppDelegate.m */,
				38EE1DAE1CDB0E98009ABB87 /* View */,
				38BDC2F51CCD56EA00E8B77D /* Model */,
				38F2F4681CF743390042BCFB /* Controller */,
				38721A2B1CCABDA7007B9FE3 /* Assets.xcassets */,
				38721A2D1CCABDA7007B9FE3 /* LaunchScreen.storyboard */,
				38721A1F1CCABDA7007B9FE3 /* Supporting Files */,
			);
			path = StormGolf;
			sourceTree = "<group>";
		};
		38721A1F1CCABDA7007B9FE3 /* Supporting Files */ = {
			isa = PBXGroup;
			children = (
				3899503C1CFFCFA5009F0850 /* Open-Sans */,
				38BDC2F61CCD56F100E8B77D /* Category */,
				38D4B0621CE403C700BF7311 /* stormdb.sql */,
				38D4B05A1CE3DDAF00BF7311 /* FullNames.txt */,
				38721A301CCABDA7007B9FE3 /* Info.plist */,
				38721A201CCABDA7007B9FE3 /* main.m */,
				3822206D1CD3D147003A446A /* items.plist */,
			);
			name = "Supporting Files";
			sourceTree = "<group>";
		};
		38721A381CCABDA7007B9FE3 /* StormGolfTests */ = {
			isa = PBXGroup;
			children = (
				38721A391CCABDA7007B9FE3 /* StormGolfTests.m */,
				38721A3B1CCABDA7007B9FE3 /* Info.plist */,
			);
			path = StormGolfTests;
			sourceTree = "<group>";
		};
		3899503C1CFFCFA5009F0850 /* Open-Sans */ = {
			isa = PBXGroup;
			children = (
				3899503D1CFFCFA5009F0850 /* Apache License.txt */,
				3899503E1CFFCFA5009F0850 /* OpenSans-Bold.ttf */,
				3899503F1CFFCFA5009F0850 /* OpenSans-BoldItalic.ttf */,
				389950401CFFCFA5009F0850 /* OpenSans-ExtraBold.ttf */,
				389950411CFFCFA5009F0850 /* OpenSans-ExtraBoldItalic.ttf */,
				389950421CFFCFA5009F0850 /* OpenSans-Italic.ttf */,
				389950431CFFCFA5009F0850 /* OpenSans-Light.ttf */,
				389950441CFFCFA5009F0850 /* OpenSans-LightItalic.ttf */,
				389950451CFFCFA5009F0850 /* OpenSans-Regular.ttf */,
				389950461CFFCFA5009F0850 /* OpenSans-Semibold.ttf */,
				389950471CFFCFA5009F0850 /* OpenSans-SemiboldItalic.ttf */,
			);
			name = "Open-Sans";
			path = "open-sans";
			sourceTree = "<group>";
		};
		38BDC2F51CCD56EA00E8B77D /* Model */ = {
			isa = PBXGroup;
			children = (
				38BDC2F21CCD4C9F00E8B77D /* HDItemManager.h */,
				38BDC2F31CCD4C9F00E8B77D /* HDItemManager.m */,
				38F7113A1CD673AB008C9DC5 /* HDDBManager.h */,
				38F7113B1CD673AB008C9DC5 /* HDDBManager.m */,
				382845661CD95543002420E4 /* HDHelper.h */,
				382845671CD95543002420E4 /* HDHelper.m */,
				382845691CD955B0002420E4 /* HDUserObject.h */,
				3828456A1CD955B0002420E4 /* HDUserObject.m */,
				3828456C1CD97F3A002420E4 /* HDTransactionObject.h */,
				3828456D1CD97F3A002420E4 /* HDTransactionObject.m */,
				3883876A1CF4E8DD007EA9BA /* HDTransactionManager.h */,
				3883876B1CF4E8DD007EA9BA /* HDTransactionManager.m */,
			);
			name = Model;
			sourceTree = "<group>";
		};
		38BDC2F61CCD56F100E8B77D /* Category */ = {
			isa = PBXGroup;
			children = (
				38721A481CCACD43007B9FE3 /* UIColor+ColorAdditions.h */,
				38721A491CCACD43007B9FE3 /* UIColor+ColorAdditions.m */,
				38ED49FE1CEBB4E400720A6F /* UIImage+ImageAdditions.h */,
				38ED49FF1CEBB4E400720A6F /* UIImage+ImageAdditions.m */,
				38ED4A071CEF911F00720A6F /* NSString+StringAdditions.h */,
				38ED4A081CEF911F00720A6F /* NSString+StringAdditions.m */,
				38F2F45F1CF626A20042BCFB /* UIFont+FontAdditions.h */,
				38F2F4601CF626A20042BCFB /* UIFont+FontAdditions.m */,
			);
			name = Category;
			sourceTree = "<group>";
		};
		38EE1DAE1CDB0E98009ABB87 /* View */ = {
			isa = PBXGroup;
			children = (
				38ED4A011CEBBE1600720A6F /* HDUserSearchTableViewCell.h */,
				38ED4A021CEBBE1600720A6F /* HDUserSearchTableViewCell.m */,
				380E1FB61CFA2D010077DE8A /* HDVisualDataGridCell.h */,
				380E1FB71CFA2D010077DE8A /* HDVisualDataGridCell.m */,
				380E1FB31CF8C1E90077DE8A /* HDDataGridHeader.h */,
				380E1FB41CF8C1E90077DE8A /* HDDataGridHeader.m */,
				38F2F45C1CF60AAB0042BCFB /* HDToolBar.h */,
				38F2F45D1CF60AAB0042BCFB /* HDToolBar.m */,
			);
			name = View;
			sourceTree = "<group>";
		};
		38F2F4591CF604350042BCFB /* Popover */ = {
			isa = PBXGroup;
			children = (
				38ED4A0A1CEF9BD300720A6F /* HDTransactionPopoverViewController.h */,
				38ED4A0B1CEF9BD300720A6F /* HDTransactionPopoverViewController.m */,
				38ED4A041CEBF32600720A6F /* HDItemManagerPopoverViewController.h */,
				38ED4A051CEBF32600720A6F /* HDItemManagerPopoverViewController.m */,
				380E1FB91CFA36FA0077DE8A /* HDCashierPopoverViewController.h */,
				380E1FBA1CFA36FA0077DE8A /* HDCashierPopoverViewController.m */,
			);
			name = Popover;
			sourceTree = "<group>";
		};
		38F2F4681CF743390042BCFB /* Controller */ = {
			isa = PBXGroup;
			children = (
				38F2F4591CF604350042BCFB /* Popover */,
				38721A251CCABDA7007B9FE3 /* HDHomeViewController.h */,
				38721A261CCABDA7007B9FE3 /* HDHomeViewController.m */,
				3845478E1CFE350A0049E61A /* HDSignupViewController.h */,
				3845478F1CFE350A0049E61A /* HDSignupViewController.m */,
				382220641CD16837003A446A /* HDItemManagerDataGridController.h */,
				382220651CD16837003A446A /* HDItemManagerDataGridController.m */,
				382220671CD26EFA003A446A /* HDTransactionDataGridController.h */,
				382220681CD26EFA003A446A /* HDTransactionDataGridController.m */,
				380E1FB01CF8B3CA0077DE8A /* HDDataGridController.h */,
				380E1FB11CF8B3CA0077DE8A /* HDDataGridController.m */,
			);
			name = Controller;
			sourceTree = "<group>";
		};
		38F711341CD67200008C9DC5 /* Frameworks */ = {
			isa = PBXGroup;
			children = (
				38F711371CD67229008C9DC5 /* QuartzCore.framework */,
				38F711351CD6721D008C9DC5 /* libsqlite3.tbd */,
			);
			name = Frameworks;
			path = StormGolf;
			sourceTree = "<group>";
		};
/* End PBXGroup section */

/* Begin PBXNativeTarget section */
		38721A1B1CCABDA7007B9FE3 /* StormGolf */ = {
			isa = PBXNativeTarget;
			buildConfigurationList = 38721A3E1CCABDA7007B9FE3 /* Build configuration list for PBXNativeTarget "StormGolf" */;
			buildPhases = (
				38721A181CCABDA7007B9FE3 /* Sources */,
				38721A191CCABDA7007B9FE3 /* Frameworks */,
				38721A1A1CCABDA7007B9FE3 /* Resources */,
			);
			buildRules = (
			);
			dependencies = (
			);
			name = StormGolf;
			productName = StormGolf;
			productReference = 38721A1C1CCABDA7007B9FE3 /* StormGolf.app */;
			productType = "com.apple.product-type.application";
		};
		38721A341CCABDA7007B9FE3 /* StormGolfTests */ = {
			isa = PBXNativeTarget;
			buildConfigurationList = 38721A411CCABDA7007B9FE3 /* Build configuration list for PBXNativeTarget "StormGolfTests" */;
			buildPhases = (
				38721A311CCABDA7007B9FE3 /* Sources */,
				38721A321CCABDA7007B9FE3 /* Frameworks */,
				38721A331CCABDA7007B9FE3 /* Resources */,
			);
			buildRules = (
			);
			dependencies = (
				38721A371CCABDA7007B9FE3 /* PBXTargetDependency */,
			);
			name = StormGolfTests;
			productName = StormGolfTests;
			productReference = 38721A351CCABDA7007B9FE3 /* StormGolfTests.xctest */;
			productType = "com.apple.product-type.bundle.unit-test";
		};
/* End PBXNativeTarget section */

/* Begin PBXProject section */
		38721A141CCABDA7007B9FE3 /* Project object */ = {
			isa = PBXProject;
			attributes = {
				LastUpgradeCheck = 0730;
				ORGANIZATIONNAME = "Evan William Ische";
				TargetAttributes = {
					38721A1B1CCABDA7007B9FE3 = {
						CreatedOnToolsVersion = 7.3;
						DevelopmentTeam = 4AUVF6937L;
					};
					38721A341CCABDA7007B9FE3 = {
						CreatedOnToolsVersion = 7.3;
						TestTargetID = 38721A1B1CCABDA7007B9FE3;
					};
				};
			};
			buildConfigurationList = 38721A171CCABDA7007B9FE3 /* Build configuration list for PBXProject "StormGolf" */;
			compatibilityVersion = "Xcode 3.2";
			developmentRegion = English;
			hasScannedForEncodings = 0;
			knownRegions = (
				en,
				Base,
			);
			mainGroup = 38721A131CCABDA7007B9FE3;
			productRefGroup = 38721A1D1CCABDA7007B9FE3 /* Products */;
			projectDirPath = "";
			projectRoot = "";
			targets = (
				38721A1B1CCABDA7007B9FE3 /* StormGolf */,
				38721A341CCABDA7007B9FE3 /* StormGolfTests */,
			);
		};
/* End PBXProject section */

/* Begin PBXResourcesBuildPhase section */
		38721A1A1CCABDA7007B9FE3 /* Resources */ = {
			isa = PBXResourcesBuildPhase;
			buildActionMask = 2147483647;
			files = (
				389950521CFFCFA5009F0850 /* OpenSans-SemiboldItalic.ttf in Resources */,
				38D4B0631CE403C700BF7311 /* stormdb.sql in Resources */,
				3899504D1CFFCFA5009F0850 /* OpenSans-Italic.ttf in Resources */,
				389950491CFFCFA5009F0850 /* OpenSans-Bold.ttf in Resources */,
				3899504B1CFFCFA5009F0850 /* OpenSans-ExtraBold.ttf in Resources */,
				389950481CFFCFA5009F0850 /* Apache License.txt in Resources */,
				38721A2F1CCABDA7007B9FE3 /* LaunchScreen.storyboard in Resources */,
				3899504E1CFFCFA5009F0850 /* OpenSans-Light.ttf in Resources */,
				38721A2C1CCABDA7007B9FE3 /* Assets.xcassets in Resources */,
				38D4B05B1CE3DDAF00BF7311 /* FullNames.txt in Resources */,
				389950511CFFCFA5009F0850 /* OpenSans-Semibold.ttf in Resources */,
				3899504C1CFFCFA5009F0850 /* OpenSans-ExtraBoldItalic.ttf in Resources */,
				389950501CFFCFA5009F0850 /* OpenSans-Regular.ttf in Resources */,
				3899504A1CFFCFA5009F0850 /* OpenSans-BoldItalic.ttf in Resources */,
				3899504F1CFFCFA5009F0850 /* OpenSans-LightItalic.ttf in Resources */,
				3822206E1CD3D147003A446A /* items.plist in Resources */,
			);
			runOnlyForDeploymentPostprocessing = 0;
		};
		38721A331CCABDA7007B9FE3 /* Resources */ = {
			isa = PBXResourcesBuildPhase;
			buildActionMask = 2147483647;
			files = (
			);
			runOnlyForDeploymentPostprocessing = 0;
		};
/* End PBXResourcesBuildPhase section */

/* Begin PBXSourcesBuildPhase section */
		38721A181CCABDA7007B9FE3 /* Sources */ = {
			isa = PBXSourcesBuildPhase;
			buildActionMask = 2147483647;
			files = (
				38721A271CCABDA7007B9FE3 /* HDHomeViewController.m in Sources */,
				3828456E1CD97F3A002420E4 /* HDTransactionObject.m in Sources */,
				38F2F45E1CF60AAB0042BCFB /* HDToolBar.m in Sources */,
				38ED4A031CEBBE1600720A6F /* HDUserSearchTableViewCell.m in Sources */,
				38721A4A1CCACD43007B9FE3 /* UIColor+ColorAdditions.m in Sources */,
				3883876C1CF4E8DD007EA9BA /* HDTransactionManager.m in Sources */,
				38ED4A001CEBB4E400720A6F /* UIImage+ImageAdditions.m in Sources */,
				38721A241CCABDA7007B9FE3 /* HDAppDelegate.m in Sources */,
				38F2F4611CF626A20042BCFB /* UIFont+FontAdditions.m in Sources */,
				38F7113C1CD673AB008C9DC5 /* HDDBManager.m in Sources */,
				38ED4A091CEF911F00720A6F /* NSString+StringAdditions.m in Sources */,
				3828456B1CD955B0002420E4 /* HDUserObject.m in Sources */,
				384547901CFE350A0049E61A /* HDSignupViewController.m in Sources */,
				38BDC2F41CCD4C9F00E8B77D /* HDItemManager.m in Sources */,
				380E1FBB1CFA36FA0077DE8A /* HDCashierPopoverViewController.m in Sources */,
				382220661CD16837003A446A /* HDItemManagerDataGridController.m in Sources */,
				382845681CD95543002420E4 /* HDHelper.m in Sources */,
				380E1FB21CF8B3CA0077DE8A /* HDDataGridController.m in Sources */,
				38ED4A061CEBF32600720A6F /* HDItemManagerPopoverViewController.m in Sources */,
				38721A211CCABDA7007B9FE3 /* main.m in Sources */,
				380E1FB51CF8C1E90077DE8A /* HDDataGridHeader.m in Sources */,
				382220691CD26EFA003A446A /* HDTransactionDataGridController.m in Sources */,
				38ED4A0C1CEF9BD300720A6F /* HDTransactionPopoverViewController.m in Sources */,
				380E1FB81CFA2D010077DE8A /* HDVisualDataGridCell.m in Sources */,
			);
			runOnlyForDeploymentPostprocessing = 0;
		};
		38721A311CCABDA7007B9FE3 /* Sources */ = {
			isa = PBXSourcesBuildPhase;
			buildActionMask = 2147483647;
			files = (
				38721A3A1CCABDA7007B9FE3 /* StormGolfTests.m in Sources */,
			);
			runOnlyForDeploymentPostprocessing = 0;
		};
/* End PBXSourcesBuildPhase section */

/* Begin PBXTargetDependency section */
		38721A371CCABDA7007B9FE3 /* PBXTargetDependency */ = {
			isa = PBXTargetDependency;
			target = 38721A1B1CCABDA7007B9FE3 /* StormGolf */;
			targetProxy = 38721A361CCABDA7007B9FE3 /* PBXContainerItemProxy */;
		};
/* End PBXTargetDependency section */

/* Begin PBXVariantGroup section */
		38721A2D1CCABDA7007B9FE3 /* LaunchScreen.storyboard */ = {
			isa = PBXVariantGroup;
			children = (
				38721A2E1CCABDA7007B9FE3 /* Base */,
			);
			name = LaunchScreen.storyboard;
			sourceTree = "<group>";
		};
/* End PBXVariantGroup section */

/* Begin XCBuildConfiguration section */
		38721A3C1CCABDA7007B9FE3 /* Debug */ = {
			isa = XCBuildConfiguration;
			buildSettings = {
				ALWAYS_SEARCH_USER_PATHS = NO;
				CLANG_ANALYZER_NONNULL = YES;
				CLANG_CXX_LANGUAGE_STANDARD = "gnu++0x";
				CLANG_CXX_LIBRARY = "libc++";
				CLANG_ENABLE_MODULES = YES;
				CLANG_ENABLE_OBJC_ARC = YES;
				CLANG_WARN_BOOL_CONVERSION = YES;
				CLANG_WARN_CONSTANT_CONVERSION = YES;
				CLANG_WARN_DIRECT_OBJC_ISA_USAGE = YES_ERROR;
				CLANG_WARN_EMPTY_BODY = YES;
				CLANG_WARN_ENUM_CONVERSION = YES;
				CLANG_WARN_INT_CONVERSION = YES;
				CLANG_WARN_OBJC_ROOT_CLASS = YES_ERROR;
				CLANG_WARN_UNREACHABLE_CODE = YES;
				CLANG_WARN__DUPLICATE_METHOD_MATCH = YES;
				"CODE_SIGN_IDENTITY[sdk=iphoneos*]" = "iPhone Developer";
				COPY_PHASE_STRIP = NO;
				DEBUG_INFORMATION_FORMAT = dwarf;
				ENABLE_STRICT_OBJC_MSGSEND = YES;
				ENABLE_TESTABILITY = YES;
				GCC_C_LANGUAGE_STANDARD = gnu99;
				GCC_DYNAMIC_NO_PIC = NO;
				GCC_NO_COMMON_BLOCKS = YES;
				GCC_OPTIMIZATION_LEVEL = 0;
				GCC_PREPROCESSOR_DEFINITIONS = (
					"DEBUG=1",
					"$(inherited)",
				);
				GCC_WARN_64_TO_32_BIT_CONVERSION = YES;
				GCC_WARN_ABOUT_RETURN_TYPE = YES_ERROR;
				GCC_WARN_UNDECLARED_SELECTOR = YES;
				GCC_WARN_UNINITIALIZED_AUTOS = YES_AGGRESSIVE;
				GCC_WARN_UNUSED_FUNCTION = YES;
				GCC_WARN_UNUSED_VARIABLE = YES;
				IPHONEOS_DEPLOYMENT_TARGET = 9.3;
				MTL_ENABLE_DEBUG_INFO = YES;
				ONLY_ACTIVE_ARCH = YES;
				SDKROOT = iphoneos;
			};
			name = Debug;
		};
		38721A3D1CCABDA7007B9FE3 /* Release */ = {
			isa = XCBuildConfiguration;
			buildSettings = {
				ALWAYS_SEARCH_USER_PATHS = NO;
				CLANG_ANALYZER_NONNULL = YES;
				CLANG_CXX_LANGUAGE_STANDARD = "gnu++0x";
				CLANG_CXX_LIBRARY = "libc++";
				CLANG_ENABLE_MODULES = YES;
				CLANG_ENABLE_OBJC_ARC = YES;
				CLANG_WARN_BOOL_CONVERSION = YES;
				CLANG_WARN_CONSTANT_CONVERSION = YES;
				CLANG_WARN_DIRECT_OBJC_ISA_USAGE = YES_ERROR;
				CLANG_WARN_EMPTY_BODY = YES;
				CLANG_WARN_ENUM_CONVERSION = YES;
				CLANG_WARN_INT_CONVERSION = YES;
				CLANG_WARN_OBJC_ROOT_CLASS = YES_ERROR;
				CLANG_WARN_UNREACHABLE_CODE = YES;
				CLANG_WARN__DUPLICATE_METHOD_MATCH = YES;
				"CODE_SIGN_IDENTITY[sdk=iphoneos*]" = "iPhone Developer";
				COPY_PHASE_STRIP = NO;
				DEBUG_INFORMATION_FORMAT = "dwarf-with-dsym";
				ENABLE_NS_ASSERTIONS = NO;
				ENABLE_STRICT_OBJC_MSGSEND = YES;
				GCC_C_LANGUAGE_STANDARD = gnu99;
				GCC_NO_COMMON_BLOCKS = YES;
				GCC_WARN_64_TO_32_BIT_CONVERSION = YES;
				GCC_WARN_ABOUT_RETURN_TYPE = YES_ERROR;
				GCC_WARN_UNDECLARED_SELECTOR = YES;
				GCC_WARN_UNINITIALIZED_AUTOS = YES_AGGRESSIVE;
				GCC_WARN_UNUSED_FUNCTION = YES;
				GCC_WARN_UNUSED_VARIABLE = YES;
				IPHONEOS_DEPLOYMENT_TARGET = 9.3;
				MTL_ENABLE_DEBUG_INFO = NO;
				SDKROOT = iphoneos;
				VALIDATE_PRODUCT = YES;
			};
			name = Release;
		};
		38721A3F1CCABDA7007B9FE3 /* Debug */ = {
			isa = XCBuildConfiguration;
			buildSettings = {
				ASSETCATALOG_COMPILER_APPICON_NAME = AppIcon;
				CODE_SIGN_IDENTITY = "iPhone Developer";
				INFOPLIST_FILE = StormGolf/Info.plist;
				IPHONEOS_DEPLOYMENT_TARGET = 9.1;
				LD_RUNPATH_SEARCH_PATHS = "$(inherited) @executable_path/Frameworks";
				PRODUCT_BUNDLE_IDENTIFIER = com.EvanIsche.StormGolf;
				PRODUCT_NAME = "$(TARGET_NAME)";
				TARGETED_DEVICE_FAMILY = 2;
			};
			name = Debug;
		};
		38721A401CCABDA7007B9FE3 /* Release */ = {
			isa = XCBuildConfiguration;
			buildSettings = {
				ASSETCATALOG_COMPILER_APPICON_NAME = AppIcon;
				CODE_SIGN_IDENTITY = "iPhone Developer";
				INFOPLIST_FILE = StormGolf/Info.plist;
				IPHONEOS_DEPLOYMENT_TARGET = 9.1;
				LD_RUNPATH_SEARCH_PATHS = "$(inherited) @executable_path/Frameworks";
				PRODUCT_BUNDLE_IDENTIFIER = com.EvanIsche.StormGolf;
				PRODUCT_NAME = "$(TARGET_NAME)";
				TARGETED_DEVICE_FAMILY = 2;
			};
			name = Release;
		};
		38721A421CCABDA7007B9FE3 /* Debug */ = {
			isa = XCBuildConfiguration;
			buildSettings = {
				BUNDLE_LOADER = "$(TEST_HOST)";
				INFOPLIST_FILE = StormGolfTests/Info.plist;
				LD_RUNPATH_SEARCH_PATHS = "$(inherited) @executable_path/Frameworks @loader_path/Frameworks";
				PRODUCT_BUNDLE_IDENTIFIER = com.EvanIsche.StormGolfTests;
				PRODUCT_NAME = "$(TARGET_NAME)";
				TEST_HOST = "$(BUILT_PRODUCTS_DIR)/StormGolf.app/StormGolf";
			};
			name = Debug;
		};
		38721A431CCABDA7007B9FE3 /* Release */ = {
			isa = XCBuildConfiguration;
			buildSettings = {
				BUNDLE_LOADER = "$(TEST_HOST)";
				INFOPLIST_FILE = StormGolfTests/Info.plist;
				LD_RUNPATH_SEARCH_PATHS = "$(inherited) @executable_path/Frameworks @loader_path/Frameworks";
				PRODUCT_BUNDLE_IDENTIFIER = com.EvanIsche.StormGolfTests;
				PRODUCT_NAME = "$(TARGET_NAME)";
				TEST_HOST = "$(BUILT_PRODUCTS_DIR)/StormGolf.app/StormGolf";
			};
			name = Release;
		};
/* End XCBuildConfiguration section */

/* Begin XCConfigurationList section */
		38721A171CCABDA7007B9FE3 /* Build configuration list for PBXProject "StormGolf" */ = {
			isa = XCConfigurationList;
			buildConfigurations = (
				38721A3C1CCABDA7007B9FE3 /* Debug */,
				38721A3D1CCABDA7007B9FE3 /* Release */,
			);
			defaultConfigurationIsVisible = 0;
			defaultConfigurationName = Release;
		};
		38721A3E1CCABDA7007B9FE3 /* Build configuration list for PBXNativeTarget "StormGolf" */ = {
			isa = XCConfigurationList;
			buildConfigurations = (
				38721A3F1CCABDA7007B9FE3 /* Debug */,
				38721A401CCABDA7007B9FE3 /* Release */,
			);
			defaultConfigurationIsVisible = 0;
			defaultConfigurationName = Release;
		};
		38721A411CCABDA7007B9FE3 /* Build configuration list for PBXNativeTarget "StormGolfTests" */ = {
			isa = XCConfigurationList;
			buildConfigurations = (
				38721A421CCABDA7007B9FE3 /* Debug */,
				38721A431CCABDA7007B9FE3 /* Release */,
			);
			defaultConfigurationIsVisible = 0;
			defaultConfigurationName = Release;
		};
/* End XCConfigurationList section */
	};
	rootObject = 38721A141CCABDA7007B9FE3 /* Project object */;
}
